
Microsoft Visual Studio Solution File, Format Version 12.00
# Visual Studio Version 17
VisualStudioVersion = 17.1.32210.238
MinimumVisualStudioVersion = 10.0.40219.1
Project("{FAE04EC0-301F-11D3-BF4B-00C04F79EFBC}") = "Encryption-Decryption", "Encryption-Decryption\Encryption-Decryption.csproj", "{EFF9210A-F587-4683-B0CB-7A6E85B580E3}"
EndProject
Global
	GlobalSection(SolutionConfigurationPlatforms) = preSolution
		Debug|Any CPU = Debug|Any CPU
		Release|Any CPU = Release|Any CPU
	EndGlobalSection
	GlobalSection(ProjectConfigurationPlatforms) = postSolution
		{EFF9210A-F587-4683-B0CB-7A6E85B580E3}.Debug|Any CPU.ActiveCfg = Debug|Any CPU
		{EFF9210A-F587-4683-B0CB-7A6E85B580E3}.Debug|Any CPU.Build.0 = Debug|Any CPU
		{EFF9210A-F587-4683-B0CB-7A6E85B580E3}.Release|Any CPU.ActiveCfg = Release|Any CPU
		{EFF9210A-F587-4683-B0CB-7A6E85B580E3}.Release|Any CPU.Build.0 = Release|Any CPU
	EndGlobalSection
	GlobalSection(SolutionProperties) = preSolution
		HideSolutionNode = FALSE
	EndGlobalSection
	GlobalSection(ExtensibilityGlobals) = postSolution
		SolutionGuid = {2C5D148A-70E3-4763-8BA0-4AC40DE89258}
	EndGlobalSection
EndGlobal
